
Microsoft Visual Studio Solution File, Format Version 12.00
# Visual Studio Version 17
VisualStudioVersion = 17.0.31521.260
MinimumVisualStudioVersion = 10.0.40219.1
Project("{2150E333-8FDC-42A3-9474-1A3956D46DE8}") = "Solution Items", "Solution Items", "{B11E2886-C37B-4C7A-9D35-5DAE201EE40E}"
	ProjectSection(SolutionItems) = preProject
		.editorconfig = .editorconfig
		.gitignore = .gitignore
		README.md = README.md
	EndProjectSection
EndProject
Project("{2150E333-8FDC-42A3-9474-1A3956D46DE8}") = "src", "src", "{1C328BD6-EC70-47E3-8FFC-E97A9A191960}"
EndProject
Project("{2150E333-8FDC-42A3-9474-1A3956D46DE8}") = "tests", "tests", "{F9A1228F-1E30-4288-A2C1-7A496162D6FF}"
EndProject
Project("{9A19103F-16F7-4668-BE54-9A1E7A4F7556}") = "Application", "src\Application\Application.csproj", "{89EB3E6C-BD32-44DE-8C47-3D73D0C61B8A}"
EndProject
Project("{9A19103F-16F7-4668-BE54-9A1E7A4F7556}") = "Domain", "src\Domain\Domain.csproj", "{930C88ED-E673-4A42-BCC2-A8450B013AC8}"
EndProject
Project("{9A19103F-16F7-4668-BE54-9A1E7A4F7556}") = "Infrastructure", "src\Infrastructure\Infrastructure.csproj", "{2C501A8E-4A08-4D7B-87E9-A4BFB4ED8160}"
EndProject
Project("{9A19103F-16F7-4668-BE54-9A1E7A4F7556}") = "SmartAdmin.WebUI", "src\SmartAdmin.WebUI\SmartAdmin.WebUI.csproj", "{3AEBA5A2-9ECF-4E08-8F52-56DBA1F42855}"
EndProject
Project("{E53339B2-1760-4266-BCC7-CA923CBCF16C}") = "docker-compose", "docker-compose.dcproj", "{6BD2EC46-FA8F-44F3-AF33-903BBB347116}"
EndProject
Project("{9A19103F-16F7-4668-BE54-9A1E7A4F7556}") = "Workflow", "src\Workflow\Workflow.csproj", "{A5A249F5-C62B-4F0E-9715-F8C65D37ACD3}"
EndProject
Project("{9A19103F-16F7-4668-BE54-9A1E7A4F7556}") = "Domain.UnitTests", "tests\Domain.UnitTests\Domain.UnitTests.csproj", "{6715C62C-7762-4E3C-913C-D7E4F70A93F4}"
EndProject
Project("{9A19103F-16F7-4668-BE54-9A1E7A4F7556}") = "Application.UnitTests", "tests\Application.UnitTests\Application.UnitTests.csproj", "{C775FFFE-3258-4163-A630-2232B3FDD289}"
EndProject
Project("{9A19103F-16F7-4668-BE54-9A1E7A4F7556}") = "Application.IntegrationTests", "tests\Application.IntegrationTests\Application.IntegrationTests.csproj", "{EDEF4357-07E6-44AB-A7DF-B1B92036463C}"
EndProject
Global
	GlobalSection(SolutionConfigurationPlatforms) = preSolution
		Debug|Any CPU = Debug|Any CPU
		Release|Any CPU = Release|Any CPU
	EndGlobalSection
	GlobalSection(ProjectConfigurationPlatforms) = postSolution
		{89EB3E6C-BD32-44DE-8C47-3D73D0C61B8A}.Debug|Any CPU.ActiveCfg = Debug|Any CPU
		{89EB3E6C-BD32-44DE-8C47-3D73D0C61B8A}.Debug|Any CPU.Build.0 = Debug|Any CPU
		{89EB3E6C-BD32-44DE-8C47-3D73D0C61B8A}.Release|Any CPU.ActiveCfg = Release|Any CPU
		{89EB3E6C-BD32-44DE-8C47-3D73D0C61B8A}.Release|Any CPU.Build.0 = Release|Any CPU
		{930C88ED-E673-4A42-BCC2-A8450B013AC8}.Debug|Any CPU.ActiveCfg = Debug|Any CPU
		{930C88ED-E673-4A42-BCC2-A8450B013AC8}.Debug|Any CPU.Build.0 = Debug|Any CPU
		{930C88ED-E673-4A42-BCC2-A8450B013AC8}.Release|Any CPU.ActiveCfg = Release|Any CPU
		{930C88ED-E673-4A42-BCC2-A8450B013AC8}.Release|Any CPU.Build.0 = Release|Any CPU
		{2C501A8E-4A08-4D7B-87E9-A4BFB4ED8160}.Debug|Any CPU.ActiveCfg = Debug|Any CPU
		{2C501A8E-4A08-4D7B-87E9-A4BFB4ED8160}.Debug|Any CPU.Build.0 = Debug|Any CPU
		{2C501A8E-4A08-4D7B-87E9-A4BFB4ED8160}.Release|Any CPU.ActiveCfg = Release|Any CPU
		{2C501A8E-4A08-4D7B-87E9-A4BFB4ED8160}.Release|Any CPU.Build.0 = Release|Any CPU
		{3AEBA5A2-9ECF-4E08-8F52-56DBA1F42855}.Debug|Any CPU.ActiveCfg = Debug|Any CPU
		{3AEBA5A2-9ECF-4E08-8F52-56DBA1F42855}.Debug|Any CPU.Build.0 = Debug|Any CPU
		{3AEBA5A2-9ECF-4E08-8F52-56DBA1F42855}.Release|Any CPU.ActiveCfg = Release|Any CPU
		{3AEBA5A2-9ECF-4E08-8F52-56DBA1F42855}.Release|Any CPU.Build.0 = Release|Any CPU
		{6BD2EC46-FA8F-44F3-AF33-903BBB347116}.Debug|Any CPU.ActiveCfg = Debug|Any CPU
		{6BD2EC46-FA8F-44F3-AF33-903BBB347116}.Debug|Any CPU.Build.0 = Debug|Any CPU
		{6BD2EC46-FA8F-44F3-AF33-903BBB347116}.Release|Any CPU.ActiveCfg = Release|Any CPU
		{6BD2EC46-FA8F-44F3-AF33-903BBB347116}.Release|Any CPU.Build.0 = Release|Any CPU
		{A5A249F5-C62B-4F0E-9715-F8C65D37ACD3}.Debug|Any CPU.ActiveCfg = Debug|Any CPU
		{A5A249F5-C62B-4F0E-9715-F8C65D37ACD3}.Debug|Any CPU.Build.0 = Debug|Any CPU
		{A5A249F5-C62B-4F0E-9715-F8C65D37ACD3}.Release|Any CPU.ActiveCfg = Release|Any CPU
		{A5A249F5-C62B-4F0E-9715-F8C65D37ACD3}.Release|Any CPU.Build.0 = Release|Any CPU
		{6715C62C-7762-4E3C-913C-D7E4F70A93F4}.Debug|Any CPU.ActiveCfg = Debug|Any CPU
		{6715C62C-7762-4E3C-913C-D7E4F70A93F4}.Debug|Any CPU.Build.0 = Debug|Any CPU
		{6715C62C-7762-4E3C-913C-D7E4F70A93F4}.Release|Any CPU.ActiveCfg = Release|Any CPU
		{6715C62C-7762-4E3C-913C-D7E4F70A93F4}.Release|Any CPU.Build.0 = Release|Any CPU
		{C775FFFE-3258-4163-A630-2232B3FDD289}.Debug|Any CPU.ActiveCfg = Debug|Any CPU
		{C775FFFE-3258-4163-A630-2232B3FDD289}.Debug|Any CPU.Build.0 = Debug|Any CPU
		{C775FFFE-3258-4163-A630-2232B3FDD289}.Release|Any CPU.ActiveCfg = Release|Any CPU
		{C775FFFE-3258-4163-A630-2232B3FDD289}.Release|Any CPU.Build.0 = Release|Any CPU
		{EDEF4357-07E6-44AB-A7DF-B1B92036463C}.Debug|Any CPU.ActiveCfg = Debug|Any CPU
		{EDEF4357-07E6-44AB-A7DF-B1B92036463C}.Debug|Any CPU.Build.0 = Debug|Any CPU
		{EDEF4357-07E6-44AB-A7DF-B1B92036463C}.Release|Any CPU.ActiveCfg = Release|Any CPU
		{EDEF4357-07E6-44AB-A7DF-B1B92036463C}.Release|Any CPU.Build.0 = Release|Any CPU
	EndGlobalSection
	GlobalSection(SolutionProperties) = preSolution
		HideSolutionNode = FALSE
	EndGlobalSection
	GlobalSection(NestedProjects) = preSolution
		{89EB3E6C-BD32-44DE-8C47-3D73D0C61B8A} = {1C328BD6-EC70-47E3-8FFC-E97A9A191960}
		{930C88ED-E673-4A42-BCC2-A8450B013AC8} = {1C328BD6-EC70-47E3-8FFC-E97A9A191960}
		{2C501A8E-4A08-4D7B-87E9-A4BFB4ED8160} = {1C328BD6-EC70-47E3-8FFC-E97A9A191960}
		{3AEBA5A2-9ECF-4E08-8F52-56DBA1F42855} = {1C328BD6-EC70-47E3-8FFC-E97A9A191960}
		{A5A249F5-C62B-4F0E-9715-F8C65D37ACD3} = {1C328BD6-EC70-47E3-8FFC-E97A9A191960}
		{6715C62C-7762-4E3C-913C-D7E4F70A93F4} = {F9A1228F-1E30-4288-A2C1-7A496162D6FF}
		{C775FFFE-3258-4163-A630-2232B3FDD289} = {F9A1228F-1E30-4288-A2C1-7A496162D6FF}
		{EDEF4357-07E6-44AB-A7DF-B1B92036463C} = {F9A1228F-1E30-4288-A2C1-7A496162D6FF}
	EndGlobalSection
	GlobalSection(ExtensibilityGlobals) = postSolution
		SolutionGuid = {2C89141F-8981-46D5-8FB2-82ABDFF349AD}
	EndGlobalSection
EndGlobal
